
Microsoft Visual Studio Solution File, Format Version 12.00
# Visual Studio 14
VisualStudioVersion = 14.0.23107.0
MinimumVisualStudioVersion = 10.0.40219.1
Project("{FAE04EC0-301F-11D3-BF4B-00C04F79EFBC}") = "BookListService", "..\..\Day 6\BSU.ASP.1501.Day6.Puchkov\BookListService\BookListService.csproj", "{8AAAFA4A-16DF-4CC2-B603-A99B041AFA06}"
EndProject
Project("{FAE04EC0-301F-11D3-BF4B-00C04F79EFBC}") = "BookListService.ConsoleUI", "BookListService.ConsoleUI\BookListService.ConsoleUI.csproj", "{B45F090A-AB57-4855-B135-3F5C573997F2}"
EndProject
Global
	GlobalSection(SolutionConfigurationPlatforms) = preSolution
		Debug|Any CPU = Debug|Any CPU
		Release|Any CPU = Release|Any CPU
	EndGlobalSection
	GlobalSection(ProjectConfigurationPlatforms) = postSolution
		{8AAAFA4A-16DF-4CC2-B603-A99B041AFA06}.Debug|Any CPU.ActiveCfg = Debug|Any CPU
		{8AAAFA4A-16DF-4CC2-B603-A99B041AFA06}.Debug|Any CPU.Build.0 = Debug|Any CPU
		{8AAAFA4A-16DF-4CC2-B603-A99B041AFA06}.Release|Any CPU.ActiveCfg = Release|Any CPU
		{8AAAFA4A-16DF-4CC2-B603-A99B041AFA06}.Release|Any CPU.Build.0 = Release|Any CPU
		{B45F090A-AB57-4855-B135-3F5C573997F2}.Debug|Any CPU.ActiveCfg = Debug|Any CPU
		{B45F090A-AB57-4855-B135-3F5C573997F2}.Debug|Any CPU.Build.0 = Debug|Any CPU
		{B45F090A-AB57-4855-B135-3F5C573997F2}.Release|Any CPU.ActiveCfg = Release|Any CPU
		{B45F090A-AB57-4855-B135-3F5C573997F2}.Release|Any CPU.Build.0 = Release|Any CPU
	EndGlobalSection
	GlobalSection(SolutionProperties) = preSolution
		HideSolutionNode = FALSE
	EndGlobalSection
EndGlobal
